
Microsoft Visual Studio Solution File, Format Version 12.00
# Visual Studio Version 16
VisualStudioVersion = 16.0.30517.126
MinimumVisualStudioVersion = 10.0.40219.1
Project("{FAE04EC0-301F-11D3-BF4B-00C04F79EFBC}") = "Projects.UWP", "Projects\Projects.UWP\Projects.UWP.csproj", "{A81D1572-69FC-439C-BB9E-504B5D7ACAD1}"
EndProject
Project("{FAE04EC0-301F-11D3-BF4B-00C04F79EFBC}") = "Projects.Android", "Projects\Projects.Android\Projects.Android.csproj", "{17F882F7-7E8C-4494-98B4-090758700C27}"
EndProject
Project("{FAE04EC0-301F-11D3-BF4B-00C04F79EFBC}") = "Projects.iOS", "Projects\Projects.iOS\Projects.iOS.csproj", "{2A3571D0-CEF8-4620-882B-3C37ED170647}"
EndProject
Project("{FAE04EC0-301F-11D3-BF4B-00C04F79EFBC}") = "Projects", "Projects\Projects\Projects.csproj", "{2452168A-62C3-4780-8096-0D9B87B35F67}"
EndProject
Global
	GlobalSection(SolutionConfigurationPlatforms) = preSolution
		Debug|Any CPU = Debug|Any CPU
		Debug|ARM = Debug|ARM
		Debug|iPhone = Debug|iPhone
		Debug|iPhoneSimulator = Debug|iPhoneSimulator
		Debug|x64 = Debug|x64
		Debug|x86 = Debug|x86
		Release|Any CPU = Release|Any CPU
		Release|ARM = Release|ARM
		Release|iPhone = Release|iPhone
		Release|iPhoneSimulator = Release|iPhoneSimulator
		Release|x64 = Release|x64
		Release|x86 = Release|x86
	EndGlobalSection
	GlobalSection(ProjectConfigurationPlatforms) = postSolution
		{A81D1572-69FC-439C-BB9E-504B5D7ACAD1}.Debug|Any CPU.ActiveCfg = Debug|x86
		{A81D1572-69FC-439C-BB9E-504B5D7ACAD1}.Debug|Any CPU.Build.0 = Debug|x86
		{A81D1572-69FC-439C-BB9E-504B5D7ACAD1}.Debug|Any CPU.Deploy.0 = Debug|x86
		{A81D1572-69FC-439C-BB9E-504B5D7ACAD1}.Debug|ARM.ActiveCfg = Debug|ARM
		{A81D1572-69FC-439C-BB9E-504B5D7ACAD1}.Debug|ARM.Build.0 = Debug|ARM
		{A81D1572-69FC-439C-BB9E-504B5D7ACAD1}.Debug|ARM.Deploy.0 = Debug|ARM
		{A81D1572-69FC-439C-BB9E-504B5D7ACAD1}.Debug|iPhone.ActiveCfg = Debug|x86
		{A81D1572-69FC-439C-BB9E-504B5D7ACAD1}.Debug|iPhone.Build.0 = Debug|x86
		{A81D1572-69FC-439C-BB9E-504B5D7ACAD1}.Debug|iPhone.Deploy.0 = Debug|x86
		{A81D1572-69FC-439C-BB9E-504B5D7ACAD1}.Debug|iPhoneSimulator.ActiveCfg = Debug|x86
		{A81D1572-69FC-439C-BB9E-504B5D7ACAD1}.Debug|iPhoneSimulator.Build.0 = Debug|x86
		{A81D1572-69FC-439C-BB9E-504B5D7ACAD1}.Debug|iPhoneSimulator.Deploy.0 = Debug|x86
		{A81D1572-69FC-439C-BB9E-504B5D7ACAD1}.Debug|x64.ActiveCfg = Debug|x64
		{A81D1572-69FC-439C-BB9E-504B5D7ACAD1}.Debug|x64.Build.0 = Debug|x64
		{A81D1572-69FC-439C-BB9E-504B5D7ACAD1}.Debug|x64.Deploy.0 = Debug|x64
		{A81D1572-69FC-439C-BB9E-504B5D7ACAD1}.Debug|x86.ActiveCfg = Debug|x86
		{A81D1572-69FC-439C-BB9E-504B5D7ACAD1}.Debug|x86.Build.0 = Debug|x86
		{A81D1572-69FC-439C-BB9E-504B5D7ACAD1}.Debug|x86.Deploy.0 = Debug|x86
		{A81D1572-69FC-439C-BB9E-504B5D7ACAD1}.Release|Any CPU.ActiveCfg = Release|x86
		{A81D1572-69FC-439C-BB9E-504B5D7ACAD1}.Release|Any CPU.Build.0 = Release|x86
		{A81D1572-69FC-439C-BB9E-504B5D7ACAD1}.Release|Any CPU.Deploy.0 = Release|x86
		{A81D1572-69FC-439C-BB9E-504B5D7ACAD1}.Release|ARM.ActiveCfg = Release|ARM
		{A81D1572-69FC-439C-BB9E-504B5D7ACAD1}.Release|ARM.Build.0 = Release|ARM
		{A81D1572-69FC-439C-BB9E-504B5D7ACAD1}.Release|ARM.Deploy.0 = Release|ARM
		{A81D1572-69FC-439C-BB9E-504B5D7ACAD1}.Release|iPhone.ActiveCfg = Release|x86
		{A81D1572-69FC-439C-BB9E-504B5D7ACAD1}.Release|iPhone.Build.0 = Release|x86
		{A81D1572-69FC-439C-BB9E-504B5D7ACAD1}.Release|iPhone.Deploy.0 = Release|x86
		{A81D1572-69FC-439C-BB9E-504B5D7ACAD1}.Release|iPhoneSimulator.ActiveCfg = Release|x86
		{A81D1572-69FC-439C-BB9E-504B5D7ACAD1}.Release|iPhoneSimulator.Build.0 = Release|x86
		{A81D1572-69FC-439C-BB9E-504B5D7ACAD1}.Release|iPhoneSimulator.Deploy.0 = Release|x86
		{A81D1572-69FC-439C-BB9E-504B5D7ACAD1}.Release|x64.ActiveCfg = Release|x64
		{A81D1572-69FC-439C-BB9E-504B5D7ACAD1}.Release|x64.Build.0 = Release|x64
		{A81D1572-69FC-439C-BB9E-504B5D7ACAD1}.Release|x64.Deploy.0 = Release|x64
		{A81D1572-69FC-439C-BB9E-504B5D7ACAD1}.Release|x86.ActiveCfg = Release|x86
		{A81D1572-69FC-439C-BB9E-504B5D7ACAD1}.Release|x86.Build.0 = Release|x86
		{A81D1572-69FC-439C-BB9E-504B5D7ACAD1}.Release|x86.Deploy.0 = Release|x86
		{17F882F7-7E8C-4494-98B4-090758700C27}.Debug|Any CPU.ActiveCfg = Debug|Any CPU
		{17F882F7-7E8C-4494-98B4-090758700C27}.Debug|Any CPU.Build.0 = Debug|Any CPU
		{17F882F7-7E8C-4494-98B4-090758700C27}.Debug|Any CPU.Deploy.0 = Debug|Any CPU
		{17F882F7-7E8C-4494-98B4-090758700C27}.Debug|ARM.ActiveCfg = Debug|Any CPU
		{17F882F7-7E8C-4494-98B4-090758700C27}.Debug|ARM.Build.0 = Debug|Any CPU
		{17F882F7-7E8C-4494-98B4-090758700C27}.Debug|ARM.Deploy.0 = Debug|Any CPU
		{17F882F7-7E8C-4494-98B4-090758700C27}.Debug|iPhone.ActiveCfg = Debug|Any CPU
		{17F882F7-7E8C-4494-98B4-090758700C27}.Debug|iPhone.Build.0 = Debug|Any CPU
		{17F882F7-7E8C-4494-98B4-090758700C27}.Debug|iPhone.Deploy.0 = Debug|Any CPU
		{17F882F7-7E8C-4494-98B4-090758700C27}.Debug|iPhoneSimulator.ActiveCfg = Debug|Any CPU
		{17F882F7-7E8C-4494-98B4-090758700C27}.Debug|iPhoneSimulator.Build.0 = Debug|Any CPU
		{17F882F7-7E8C-4494-98B4-090758700C27}.Debug|iPhoneSimulator.Deploy.0 = Debug|Any CPU
		{17F882F7-7E8C-4494-98B4-090758700C27}.Debug|x64.ActiveCfg = Debug|Any CPU
		{17F882F7-7E8C-4494-98B4-090758700C27}.Debug|x64.Build.0 = Debug|Any CPU
		{17F882F7-7E8C-4494-98B4-090758700C27}.Debug|x64.Deploy.0 = Debug|Any CPU
		{17F882F7-7E8C-4494-98B4-090758700C27}.Debug|x86.ActiveCfg = Debug|Any CPU
		{17F882F7-7E8C-4494-98B4-090758700C27}.Debug|x86.Build.0 = Debug|Any CPU
		{17F882F7-7E8C-4494-98B4-090758700C27}.Debug|x86.Deploy.0 = Debug|Any CPU
		{17F882F7-7E8C-4494-98B4-090758700C27}.Release|Any CPU.ActiveCfg = Release|Any CPU
		{17F882F7-7E8C-4494-98B4-090758700C27}.Release|Any CPU.Build.0 = Release|Any CPU
		{17F882F7-7E8C-4494-98B4-090758700C27}.Release|Any CPU.Deploy.0 = Release|Any CPU
		{17F882F7-7E8C-4494-98B4-090758700C27}.Release|ARM.ActiveCfg = Release|Any CPU
		{17F882F7-7E8C-4494-98B4-090758700C27}.Release|ARM.Build.0 = Release|Any CPU
		{17F882F7-7E8C-4494-98B4-090758700C27}.Release|ARM.Deploy.0 = Release|Any CPU
		{17F882F7-7E8C-4494-98B4-090758700C27}.Release|iPhone.ActiveCfg = Release|Any CPU
		{17F882F7-7E8C-4494-98B4-090758700C27}.Release|iPhone.Build.0 = Release|Any CPU
		{17F882F7-7E8C-4494-98B4-090758700C27}.Release|iPhone.Deploy.0 = Release|Any CPU
		{17F882F7-7E8C-4494-98B4-090758700C27}.Release|iPhoneSimulator.ActiveCfg = Release|Any CPU
		{17F882F7-7E8C-4494-98B4-090758700C27}.Release|iPhoneSimulator.Build.0 = Release|Any CPU
		{17F882F7-7E8C-4494-98B4-090758700C27}.Release|iPhoneSimulator.Deploy.0 = Release|Any CPU
		{17F882F7-7E8C-4494-98B4-090758700C27}.Release|x64.ActiveCfg = Release|Any CPU
		{17F882F7-7E8C-4494-98B4-090758700C27}.Release|x64.Build.0 = Release|Any CPU
		{17F882F7-7E8C-4494-98B4-090758700C27}.Release|x64.Deploy.0 = Release|Any CPU
		{17F882F7-7E8C-4494-98B4-090758700C27}.Release|x86.ActiveCfg = Release|Any CPU
		{17F882F7-7E8C-4494-98B4-090758700C27}.Release|x86.Build.0 = Release|Any CPU
		{17F882F7-7E8C-4494-98B4-090758700C27}.Release|x86.Deploy.0 = Release|Any CPU
		{2A3571D0-CEF8-4620-882B-3C37ED170647}.Debug|Any CPU.ActiveCfg = Debug|iPhoneSimulator
		{2A3571D0-CEF8-4620-882B-3C37ED170647}.Debug|Any CPU.Build.0 = Debug|iPhoneSimulator
		{2A3571D0-CEF8-4620-882B-3C37ED170647}.Debug|Any CPU.Deploy.0 = Debug|iPhoneSimulator
		{2A3571D0-CEF8-4620-882B-3C37ED170647}.Debug|ARM.ActiveCfg = Debug|iPhone
		{2A3571D0-CEF8-4620-882B-3C37ED170647}.Debug|ARM.Build.0 = Debug|iPhone
		{2A3571D0-CEF8-4620-882B-3C37ED170647}.Debug|ARM.Deploy.0 = Debug|iPhone
		{2A3571D0-CEF8-4620-882B-3C37ED170647}.Debug|iPhone.ActiveCfg = Debug|iPhone
		{2A3571D0-CEF8-4620-882B-3C37ED170647}.Debug|iPhone.Build.0 = Debug|iPhone
		{2A3571D0-CEF8-4620-882B-3C37ED170647}.Debug|iPhone.Deploy.0 = Debug|iPhone
		{2A3571D0-CEF8-4620-882B-3C37ED170647}.Debug|iPhoneSimulator.ActiveCfg = Debug|iPhoneSimulator
		{2A3571D0-CEF8-4620-882B-3C37ED170647}.Debug|iPhoneSimulator.Build.0 = Debug|iPhoneSimulator
		{2A3571D0-CEF8-4620-882B-3C37ED170647}.Debug|iPhoneSimulator.Deploy.0 = Debug|iPhoneSimulator
		{2A3571D0-CEF8-4620-882B-3C37ED170647}.Debug|x64.ActiveCfg = Debug|iPhoneSimulator
		{2A3571D0-CEF8-4620-882B-3C37ED170647}.Debug|x64.Build.0 = Debug|iPhoneSimulator
		{2A3571D0-CEF8-4620-882B-3C37ED170647}.Debug|x64.Deploy.0 = Debug|iPhoneSimulator
		{2A3571D0-CEF8-4620-882B-3C37ED170647}.Debug|x86.ActiveCfg = Debug|iPhoneSimulator
		{2A3571D0-CEF8-4620-882B-3C37ED170647}.Debug|x86.Build.0 = Debug|iPhoneSimulator
		{2A3571D0-CEF8-4620-882B-3C37ED170647}.Debug|x86.Deploy.0 = Debug|iPhoneSimulator
		{2A3571D0-CEF8-4620-882B-3C37ED170647}.Release|Any CPU.ActiveCfg = Release|iPhoneSimulator
		{2A3571D0-CEF8-4620-882B-3C37ED170647}.Release|Any CPU.Build.0 = Release|iPhoneSimulator
		{2A3571D0-CEF8-4620-882B-3C37ED170647}.Release|Any CPU.Deploy.0 = Release|iPhoneSimulator
		{2A3571D0-CEF8-4620-882B-3C37ED170647}.Release|ARM.ActiveCfg = Release|iPhoneSimulator
		{2A3571D0-CEF8-4620-882B-3C37ED170647}.Release|ARM.Build.0 = Release|iPhoneSimulator
		{2A3571D0-CEF8-4620-882B-3C37ED170647}.Release|ARM.Deploy.0 = Release|iPhoneSimulator
		{2A3571D0-CEF8-4620-882B-3C37ED170647}.Release|iPhone.ActiveCfg = Release|iPhone
		{2A3571D0-CEF8-4620-882B-3C37ED170647}.Release|iPhone.Build.0 = Release|iPhone
		{2A3571D0-CEF8-4620-882B-3C37ED170647}.Release|iPhone.Deploy.0 = Release|iPhone
		{2A3571D0-CEF8-4620-882B-3C37ED170647}.Release|iPhoneSimulator.ActiveCfg = Release|iPhoneSimulator
		{2A3571D0-CEF8-4620-882B-3C37ED170647}.Release|iPhoneSimulator.Build.0 = Release|iPhoneSimulator
		{2A3571D0-CEF8-4620-882B-3C37ED170647}.Release|iPhoneSimulator.Deploy.0 = Release|iPhoneSimulator
		{2A3571D0-CEF8-4620-882B-3C37ED170647}.Release|x64.ActiveCfg = Release|iPhoneSimulator
		{2A3571D0-CEF8-4620-882B-3C37ED170647}.Release|x64.Build.0 = Release|iPhoneSimulator
		{2A3571D0-CEF8-4620-882B-3C37ED170647}.Release|x64.Deploy.0 = Release|iPhoneSimulator
		{2A3571D0-CEF8-4620-882B-3C37ED170647}.Release|x86.ActiveCfg = Release|iPhoneSimulator
		{2A3571D0-CEF8-4620-882B-3C37ED170647}.Release|x86.Build.0 = Release|iPhoneSimulator
		{2A3571D0-CEF8-4620-882B-3C37ED170647}.Release|x86.Deploy.0 = Release|iPhoneSimulator
		{2452168A-62C3-4780-8096-0D9B87B35F67}.Debug|Any CPU.ActiveCfg = Debug|Any CPU
		{2452168A-62C3-4780-8096-0D9B87B35F67}.Debug|Any CPU.Build.0 = Debug|Any CPU
		{2452168A-62C3-4780-8096-0D9B87B35F67}.Debug|Any CPU.Deploy.0 = Debug|Any CPU
		{2452168A-62C3-4780-8096-0D9B87B35F67}.Debug|ARM.ActiveCfg = Debug|Any CPU
		{2452168A-62C3-4780-8096-0D9B87B35F67}.Debug|ARM.Build.0 = Debug|Any CPU
		{2452168A-62C3-4780-8096-0D9B87B35F67}.Debug|ARM.Deploy.0 = Debug|Any CPU
		{2452168A-62C3-4780-8096-0D9B87B35F67}.Debug|iPhone.ActiveCfg = Debug|Any CPU
		{2452168A-62C3-4780-8096-0D9B87B35F67}.Debug|iPhone.Build.0 = Debug|Any CPU
		{2452168A-62C3-4780-8096-0D9B87B35F67}.Debug|iPhone.Deploy.0 = Debug|Any CPU
		{2452168A-62C3-4780-8096-0D9B87B35F67}.Debug|iPhoneSimulator.ActiveCfg = Debug|Any CPU
		{2452168A-62C3-4780-8096-0D9B87B35F67}.Debug|iPhoneSimulator.Build.0 = Debug|Any CPU
		{2452168A-62C3-4780-8096-0D9B87B35F67}.Debug|iPhoneSimulator.Deploy.0 = Debug|Any CPU
		{2452168A-62C3-4780-8096-0D9B87B35F67}.Debug|x64.ActiveCfg = Debug|Any CPU
		{2452168A-62C3-4780-8096-0D9B87B35F67}.Debug|x64.Build.0 = Debug|Any CPU
		{2452168A-62C3-4780-8096-0D9B87B35F67}.Debug|x64.Deploy.0 = Debug|Any CPU
		{2452168A-62C3-4780-8096-0D9B87B35F67}.Debug|x86.ActiveCfg = Debug|Any CPU
		{2452168A-62C3-4780-8096-0D9B87B35F67}.Debug|x86.Build.0 = Debug|Any CPU
		{2452168A-62C3-4780-8096-0D9B87B35F67}.Debug|x86.Deploy.0 = Debug|Any CPU
		{2452168A-62C3-4780-8096-0D9B87B35F67}.Release|Any CPU.ActiveCfg = Release|Any CPU
		{2452168A-62C3-4780-8096-0D9B87B35F67}.Release|Any CPU.Build.0 = Release|Any CPU
		{2452168A-62C3-4780-8096-0D9B87B35F67}.Release|Any CPU.Deploy.0 = Release|Any CPU
		{2452168A-62C3-4780-8096-0D9B87B35F67}.Release|ARM.ActiveCfg = Release|Any CPU
		{2452168A-62C3-4780-8096-0D9B87B35F67}.Release|ARM.Build.0 = Release|Any CPU
		{2452168A-62C3-4780-8096-0D9B87B35F67}.Release|ARM.Deploy.0 = Release|Any CPU
		{2452168A-62C3-4780-8096-0D9B87B35F67}.Release|iPhone.ActiveCfg = Release|Any CPU
		{2452168A-62C3-4780-8096-0D9B87B35F67}.Release|iPhone.Build.0 = Release|Any CPU
		{2452168A-62C3-4780-8096-0D9B87B35F67}.Release|iPhone.Deploy.0 = Release|Any CPU
		{2452168A-62C3-4780-8096-0D9B87B35F67}.Release|iPhoneSimulator.ActiveCfg = Release|Any CPU
		{2452168A-62C3-4780-8096-0D9B87B35F67}.Release|iPhoneSimulator.Build.0 = Release|Any CPU
		{2452168A-62C3-4780-8096-0D9B87B35F67}.Release|iPhoneSimulator.Deploy.0 = Release|Any CPU
		{2452168A-62C3-4780-8096-0D9B87B35F67}.Release|x64.ActiveCfg = Release|Any CPU
		{2452168A-62C3-4780-8096-0D9B87B35F67}.Release|x64.Build.0 = Release|Any CPU
		{2452168A-62C3-4780-8096-0D9B87B35F67}.Release|x64.Deploy.0 = Release|Any CPU
		{2452168A-62C3-4780-8096-0D9B87B35F67}.Release|x86.ActiveCfg = Release|Any CPU
		{2452168A-62C3-4780-8096-0D9B87B35F67}.Release|x86.Build.0 = Release|Any CPU
		{2452168A-62C3-4780-8096-0D9B87B35F67}.Release|x86.Deploy.0 = Release|Any CPU
	EndGlobalSection
	GlobalSection(SolutionProperties) = preSolution
		HideSolutionNode = FALSE
	EndGlobalSection
	GlobalSection(ExtensibilityGlobals) = postSolution
		SolutionGuid = {3794DC8F-75A6-445A-949C-CCBCA7361963}
	EndGlobalSection
EndGlobal
